
Microsoft Visual Studio Solution File, Format Version 12.00
# Visual Studio Version 17
VisualStudioVersion = 17.10.34928.147
MinimumVisualStudioVersion = 10.0.40219.1
Project("{FAE04EC0-301F-11D3-BF4B-00C04F79EFBC}") = "Base - V1", "Base - V1.csproj", "{376C3B2F-9B0F-4E27-BECB-7F8667F6787D}"
EndProject
Global
	GlobalSection(SolutionConfigurationPlatforms) = preSolution
		Debug|Any CPU = Debug|Any CPU
		Release|Any CPU = Release|Any CPU
	EndGlobalSection
	GlobalSection(ProjectConfigurationPlatforms) = postSolution
		{376C3B2F-9B0F-4E27-BECB-7F8667F6787D}.Debug|Any CPU.ActiveCfg = Debug|Any CPU
		{376C3B2F-9B0F-4E27-BECB-7F8667F6787D}.Debug|Any CPU.Build.0 = Debug|Any CPU
		{376C3B2F-9B0F-4E27-BECB-7F8667F6787D}.Release|Any CPU.ActiveCfg = Release|Any CPU
		{376C3B2F-9B0F-4E27-BECB-7F8667F6787D}.Release|Any CPU.Build.0 = Release|Any CPU
	EndGlobalSection
	GlobalSection(SolutionProperties) = preSolution
		HideSolutionNode = FALSE
	EndGlobalSection
	GlobalSection(ExtensibilityGlobals) = postSolution
		SolutionGuid = {7ED19AEA-D2E4-4CA5-A216-EDA147C7C399}
	EndGlobalSection
EndGlobal
